
Microsoft Visual Studio Solution File, Format Version 12.00
# Visual Studio 15
VisualStudioVersion = 15.0.28307.168
MinimumVisualStudioVersion = 10.0.40219.1
Project("{FAE04EC0-301F-11D3-BF4B-00C04F79EFBC}") = "XnaVsFna", "XnaVsFna\XnaVsFna.csproj", "{BC062102-6302-49E0-8FF0-66B6984B490A}"
EndProject
Project("{FAE04EC0-301F-11D3-BF4B-00C04F79EFBC}") = "XnaVsFnaContent", "XnaVsFnaContent\XnaVsFnaContent.contentproj", "{09AED684-BCEE-4AE6-80C6-6CF169AAE110}"
EndProject
Project("{FAE04EC0-301F-11D3-BF4B-00C04F79EFBC}") = "XnaVsFna.Fna", "XnaVsFna\XnaVsFna.Fna.csproj", "{83844641-E1BB-42E2-82F9-4961B3D04465}"
EndProject
Project("{FAE04EC0-301F-11D3-BF4B-00C04F79EFBC}") = "FNA", "FNA\FNA.csproj", "{35253CE1-C864-4CD3-8249-4D1319748E8F}"
EndProject
Project("{2150E333-8FDC-42A3-9474-1A3956D46DE8}") = "SpriteBatch", "SpriteBatch", "{96A8737E-4B5A-4BE8-B187-434C98E08AF7}"
EndProject
Project("{2150E333-8FDC-42A3-9474-1A3956D46DE8}") = "NewFolder2", "NewFolder2", "{EBB1084E-862B-4A3D-A94F-D6497BA31CB9}"
EndProject
Project("{FAE04EC0-301F-11D3-BF4B-00C04F79EFBC}") = "SpriteBatchTest", "SpriteBatchTest\SpriteBatchTest.csproj", "{AACCF113-7DC8-4692-B768-04C225373992}"
EndProject
Project("{FAE04EC0-301F-11D3-BF4B-00C04F79EFBC}") = "SpriteBatchTest.Fna", "SpriteBatchTest\SpriteBatchTest.Fna.csproj", "{E111AEE5-E713-4E82-8376-74804A4657BA}"
EndProject
Project("{FAE04EC0-301F-11D3-BF4B-00C04F79EFBC}") = "SpriteBatchTestContent", "SpriteBatchTest\SpriteBatchTestContent\SpriteBatchTestContent.contentproj", "{A395171B-0C1D-492B-BBEE-EDB3FA6FB122}"
EndProject
Global
	GlobalSection(SolutionConfigurationPlatforms) = preSolution
		Debug|Any CPU = Debug|Any CPU
		Debug|x64 = Debug|x64
		Debug|x86 = Debug|x86
		Release|Any CPU = Release|Any CPU
		Release|x64 = Release|x64
		Release|x86 = Release|x86
	EndGlobalSection
	GlobalSection(ProjectConfigurationPlatforms) = postSolution
		{BC062102-6302-49E0-8FF0-66B6984B490A}.Debug|Any CPU.ActiveCfg = Debug|x86
		{BC062102-6302-49E0-8FF0-66B6984B490A}.Debug|x64.ActiveCfg = Debug|x86
		{BC062102-6302-49E0-8FF0-66B6984B490A}.Debug|x86.ActiveCfg = Debug|x86
		{BC062102-6302-49E0-8FF0-66B6984B490A}.Debug|x86.Build.0 = Debug|x86
		{BC062102-6302-49E0-8FF0-66B6984B490A}.Release|Any CPU.ActiveCfg = Release|x86
		{BC062102-6302-49E0-8FF0-66B6984B490A}.Release|x64.ActiveCfg = Release|x86
		{BC062102-6302-49E0-8FF0-66B6984B490A}.Release|x86.ActiveCfg = Release|x86
		{BC062102-6302-49E0-8FF0-66B6984B490A}.Release|x86.Build.0 = Release|x86
		{09AED684-BCEE-4AE6-80C6-6CF169AAE110}.Debug|Any CPU.ActiveCfg = Debug|x86
		{09AED684-BCEE-4AE6-80C6-6CF169AAE110}.Debug|x64.ActiveCfg = Debug|x86
		{09AED684-BCEE-4AE6-80C6-6CF169AAE110}.Debug|x86.ActiveCfg = Debug|x86
		{09AED684-BCEE-4AE6-80C6-6CF169AAE110}.Release|Any CPU.ActiveCfg = Release|x86
		{09AED684-BCEE-4AE6-80C6-6CF169AAE110}.Release|x64.ActiveCfg = Release|x86
		{09AED684-BCEE-4AE6-80C6-6CF169AAE110}.Release|x86.ActiveCfg = Release|x86
		{83844641-E1BB-42E2-82F9-4961B3D04465}.Debug|Any CPU.ActiveCfg = Debug|x86
		{83844641-E1BB-42E2-82F9-4961B3D04465}.Debug|x64.ActiveCfg = Debug|x86
		{83844641-E1BB-42E2-82F9-4961B3D04465}.Debug|x86.ActiveCfg = Debug|x86
		{83844641-E1BB-42E2-82F9-4961B3D04465}.Debug|x86.Build.0 = Debug|x86
		{83844641-E1BB-42E2-82F9-4961B3D04465}.Release|Any CPU.ActiveCfg = Release|x86
		{83844641-E1BB-42E2-82F9-4961B3D04465}.Release|x64.ActiveCfg = Release|x86
		{83844641-E1BB-42E2-82F9-4961B3D04465}.Release|x86.ActiveCfg = Release|x86
		{83844641-E1BB-42E2-82F9-4961B3D04465}.Release|x86.Build.0 = Release|x86
		{35253CE1-C864-4CD3-8249-4D1319748E8F}.Debug|Any CPU.ActiveCfg = Debug|Any CPU
		{35253CE1-C864-4CD3-8249-4D1319748E8F}.Debug|Any CPU.Build.0 = Debug|Any CPU
		{35253CE1-C864-4CD3-8249-4D1319748E8F}.Debug|x64.ActiveCfg = Debug|x64
		{35253CE1-C864-4CD3-8249-4D1319748E8F}.Debug|x64.Build.0 = Debug|x64
		{35253CE1-C864-4CD3-8249-4D1319748E8F}.Debug|x86.ActiveCfg = Debug|x86
		{35253CE1-C864-4CD3-8249-4D1319748E8F}.Debug|x86.Build.0 = Debug|x86
		{35253CE1-C864-4CD3-8249-4D1319748E8F}.Release|Any CPU.ActiveCfg = Release|Any CPU
		{35253CE1-C864-4CD3-8249-4D1319748E8F}.Release|Any CPU.Build.0 = Release|Any CPU
		{35253CE1-C864-4CD3-8249-4D1319748E8F}.Release|x64.ActiveCfg = Release|x64
		{35253CE1-C864-4CD3-8249-4D1319748E8F}.Release|x64.Build.0 = Release|x64
		{35253CE1-C864-4CD3-8249-4D1319748E8F}.Release|x86.ActiveCfg = Release|x86
		{35253CE1-C864-4CD3-8249-4D1319748E8F}.Release|x86.Build.0 = Release|x86
		{AACCF113-7DC8-4692-B768-04C225373992}.Debug|Any CPU.ActiveCfg = Debug|x86
		{AACCF113-7DC8-4692-B768-04C225373992}.Debug|x64.ActiveCfg = Debug|x86
		{AACCF113-7DC8-4692-B768-04C225373992}.Debug|x86.ActiveCfg = Debug|x86
		{AACCF113-7DC8-4692-B768-04C225373992}.Debug|x86.Build.0 = Debug|x86
		{AACCF113-7DC8-4692-B768-04C225373992}.Release|Any CPU.ActiveCfg = Release|x86
		{AACCF113-7DC8-4692-B768-04C225373992}.Release|x64.ActiveCfg = Release|x86
		{AACCF113-7DC8-4692-B768-04C225373992}.Release|x86.ActiveCfg = Release|x86
		{AACCF113-7DC8-4692-B768-04C225373992}.Release|x86.Build.0 = Release|x86
		{E111AEE5-E713-4E82-8376-74804A4657BA}.Debug|Any CPU.ActiveCfg = Debug|x86
		{E111AEE5-E713-4E82-8376-74804A4657BA}.Debug|x64.ActiveCfg = Debug|x86
		{E111AEE5-E713-4E82-8376-74804A4657BA}.Debug|x86.ActiveCfg = Debug|x86
		{E111AEE5-E713-4E82-8376-74804A4657BA}.Debug|x86.Build.0 = Debug|x86
		{E111AEE5-E713-4E82-8376-74804A4657BA}.Release|Any CPU.ActiveCfg = Release|x86
		{E111AEE5-E713-4E82-8376-74804A4657BA}.Release|x64.ActiveCfg = Release|x86
		{E111AEE5-E713-4E82-8376-74804A4657BA}.Release|x86.ActiveCfg = Release|x86
		{E111AEE5-E713-4E82-8376-74804A4657BA}.Release|x86.Build.0 = Release|x86
		{A395171B-0C1D-492B-BBEE-EDB3FA6FB122}.Debug|Any CPU.ActiveCfg = Debug|x86
		{A395171B-0C1D-492B-BBEE-EDB3FA6FB122}.Debug|x64.ActiveCfg = Debug|x86
		{A395171B-0C1D-492B-BBEE-EDB3FA6FB122}.Debug|x86.ActiveCfg = Debug|x86
		{A395171B-0C1D-492B-BBEE-EDB3FA6FB122}.Release|Any CPU.ActiveCfg = Release|x86
		{A395171B-0C1D-492B-BBEE-EDB3FA6FB122}.Release|x64.ActiveCfg = Release|x86
		{A395171B-0C1D-492B-BBEE-EDB3FA6FB122}.Release|x86.ActiveCfg = Release|x86
	EndGlobalSection
	GlobalSection(SolutionProperties) = preSolution
		HideSolutionNode = FALSE
	EndGlobalSection
	GlobalSection(NestedProjects) = preSolution
		{BC062102-6302-49E0-8FF0-66B6984B490A} = {EBB1084E-862B-4A3D-A94F-D6497BA31CB9}
		{09AED684-BCEE-4AE6-80C6-6CF169AAE110} = {EBB1084E-862B-4A3D-A94F-D6497BA31CB9}
		{83844641-E1BB-42E2-82F9-4961B3D04465} = {EBB1084E-862B-4A3D-A94F-D6497BA31CB9}
		{AACCF113-7DC8-4692-B768-04C225373992} = {96A8737E-4B5A-4BE8-B187-434C98E08AF7}
		{E111AEE5-E713-4E82-8376-74804A4657BA} = {96A8737E-4B5A-4BE8-B187-434C98E08AF7}
		{A395171B-0C1D-492B-BBEE-EDB3FA6FB122} = {96A8737E-4B5A-4BE8-B187-434C98E08AF7}
	EndGlobalSection
	GlobalSection(ExtensibilityGlobals) = postSolution
		SolutionGuid = {5F9AD354-536D-411C-9A52-D810629EF9AF}
	EndGlobalSection
EndGlobal
